
Microsoft Visual Studio Solution File, Format Version 11.00
# Visual Studio 2010
Project("{8BC9CEB8-8B4A-11D0-8D11-00A0C91BC942}") = "cudatrack-test", "cudatrack-test\cudatrack-test.vcxproj", "{BEC9EC33-3C02-4F31-BDA6-B8068A215AA9}"
EndProject
Project("{8BC9CEB8-8B4A-11D0-8D11-00A0C91BC942}") = "cputrack", "cputrack\cputrack.vcxproj", "{1790E71E-B0EE-4BF9-8C27-0CD6C1B6DF4B}"
EndProject
Project("{8BC9CEB8-8B4A-11D0-8D11-00A0C91BC942}") = "cputrack-test", "cputrack-test\cputrack-test.vcxproj", "{A3EDBB02-24F8-4010-BE57-91A55A2F5981}"
EndProject
Project("{8BC9CEB8-8B4A-11D0-8D11-00A0C91BC942}") = "lvcputrack", "cputrack\lvcputrack.vcxproj", "{6F4803EC-15BB-459B-95A7-75F475B0928E}"
EndProject
Project("{2150E333-8FDC-42A3-9474-1A3956D46DE8}") = "Labview bindings", "Labview bindings", "{3D2A7C19-E408-440A-8ECA-FFC4DC67F5FF}"
EndProject
Project("{2150E333-8FDC-42A3-9474-1A3956D46DE8}") = "MATLAB", "MATLAB", "{1DB1DFBD-ECF3-432F-8B1B-44092D431FB5}"
EndProject
Project("{2150E333-8FDC-42A3-9474-1A3956D46DE8}") = "C++ dll", "C++ dll", "{BF7A8579-0AE8-4F88-A069-F1D88DC10C1E}"
EndProject
Project("{2150E333-8FDC-42A3-9474-1A3956D46DE8}") = "Tests", "Tests", "{76479AF6-64A8-447D-A170-FA9B1FBF8A5C}"
EndProject
Project("{8BC9CEB8-8B4A-11D0-8D11-00A0C91BC942}") = "lvcputrack-nothreads", "cputrack\lvcputrack-nothreads.vcxproj", "{727850D5-40C4-4532-A7BA-540BE8344F0C}"
EndProject
Project("{8BC9CEB8-8B4A-11D0-8D11-00A0C91BC942}") = "lvcudatrack", "cudatrack\lvcudatrack.vcxproj", "{74D6A840-874D-40D4-A85D-6241870EBCE9}"
EndProject
Project("{8BC9CEB8-8B4A-11D0-8D11-00A0C91BC942}") = "cudatrack", "cudatrack\cudatrack.vcxproj", "{ABB7D1D8-B6AD-4225-B2BB-345F1794BA88}"
EndProject
Project("{8BC9CEB8-8B4A-11D0-8D11-00A0C91BC942}") = "ldmanifoldtrk", "ldmanifoldtrk\ldmanifoldtrk.vcxproj", "{C33EAE0D-805D-4FBF-B56B-473186491204}"
EndProject
Project("{8BC9CEB8-8B4A-11D0-8D11-00A0C91BC942}") = "unit-test", "unit-test\unit-test.vcxproj", "{B375944D-1C4E-4EE8-AFE3-91C33C0FD21F}"
EndProject
Project("{8BC9CEB8-8B4A-11D0-8D11-00A0C91BC942}") = "imaqgrabloop", "imaqgrabloop\imaqgrabloop.vcxproj", "{639B4FAB-7B55-4E69-9205-7632CF0990A7}"
EndProject
Project("{FAE04EC0-301F-11D3-BF4B-00C04F79EFBC}") = "QTrkDotNet", "QTrkDotNet\QTrkDotNet.csproj", "{5985409E-2C7B-4666-A014-17CC9DA53E2C}"
EndProject
Project("{FAE04EC0-301F-11D3-BF4B-00C04F79EFBC}") = "AutoTracker", "AutoTracker\AutoTracker.csproj", "{0EC57D9C-A6B3-499A-B3A1-FD0F62930C0C}"
EndProject
Global
	GlobalSection(SolutionConfigurationPlatforms) = preSolution
		Debug|Any CPU = Debug|Any CPU
		Debug|Mixed Platforms = Debug|Mixed Platforms
		Debug|Win32 = Debug|Win32
		Debug|x64 = Debug|x64
		Debug|x86 = Debug|x86
		Release|Any CPU = Release|Any CPU
		Release|Mixed Platforms = Release|Mixed Platforms
		Release|Win32 = Release|Win32
		Release|x64 = Release|x64
		Release|x86 = Release|x86
	EndGlobalSection
	GlobalSection(ProjectConfigurationPlatforms) = postSolution
		{BEC9EC33-3C02-4F31-BDA6-B8068A215AA9}.Debug|Any CPU.ActiveCfg = Debug|Win32
		{BEC9EC33-3C02-4F31-BDA6-B8068A215AA9}.Debug|Mixed Platforms.ActiveCfg = Debug|Win32
		{BEC9EC33-3C02-4F31-BDA6-B8068A215AA9}.Debug|Mixed Platforms.Build.0 = Debug|Win32
		{BEC9EC33-3C02-4F31-BDA6-B8068A215AA9}.Debug|Win32.ActiveCfg = Debug|Win32
		{BEC9EC33-3C02-4F31-BDA6-B8068A215AA9}.Debug|Win32.Build.0 = Debug|Win32
		{BEC9EC33-3C02-4F31-BDA6-B8068A215AA9}.Debug|x64.ActiveCfg = Debug|Win32
		{BEC9EC33-3C02-4F31-BDA6-B8068A215AA9}.Debug|x86.ActiveCfg = Debug|Win32
		{BEC9EC33-3C02-4F31-BDA6-B8068A215AA9}.Release|Any CPU.ActiveCfg = Release|Win32
		{BEC9EC33-3C02-4F31-BDA6-B8068A215AA9}.Release|Mixed Platforms.ActiveCfg = Release|Win32
		{BEC9EC33-3C02-4F31-BDA6-B8068A215AA9}.Release|Mixed Platforms.Build.0 = Release|Win32
		{BEC9EC33-3C02-4F31-BDA6-B8068A215AA9}.Release|Win32.ActiveCfg = Release|Win32
		{BEC9EC33-3C02-4F31-BDA6-B8068A215AA9}.Release|x64.ActiveCfg = Release|Win32
		{BEC9EC33-3C02-4F31-BDA6-B8068A215AA9}.Release|x86.ActiveCfg = Release|Win32
		{1790E71E-B0EE-4BF9-8C27-0CD6C1B6DF4B}.Debug|Any CPU.ActiveCfg = Debug-Single|Win32
		{1790E71E-B0EE-4BF9-8C27-0CD6C1B6DF4B}.Debug|Mixed Platforms.ActiveCfg = Debug-Single|Win32
		{1790E71E-B0EE-4BF9-8C27-0CD6C1B6DF4B}.Debug|Mixed Platforms.Build.0 = Debug-Single|Win32
		{1790E71E-B0EE-4BF9-8C27-0CD6C1B6DF4B}.Debug|Win32.ActiveCfg = Debug-Single|Win32
		{1790E71E-B0EE-4BF9-8C27-0CD6C1B6DF4B}.Debug|Win32.Build.0 = Debug-Single|Win32
		{1790E71E-B0EE-4BF9-8C27-0CD6C1B6DF4B}.Debug|x64.ActiveCfg = Debug-Single|Win32
		{1790E71E-B0EE-4BF9-8C27-0CD6C1B6DF4B}.Debug|x86.ActiveCfg = Debug-Single|Win32
		{1790E71E-B0EE-4BF9-8C27-0CD6C1B6DF4B}.Release|Any CPU.ActiveCfg = Release-Single|Win32
		{1790E71E-B0EE-4BF9-8C27-0CD6C1B6DF4B}.Release|Mixed Platforms.ActiveCfg = Release-Single|Win32
		{1790E71E-B0EE-4BF9-8C27-0CD6C1B6DF4B}.Release|Mixed Platforms.Build.0 = Release-Single|Win32
		{1790E71E-B0EE-4BF9-8C27-0CD6C1B6DF4B}.Release|Win32.ActiveCfg = Release-Single|Win32
		{1790E71E-B0EE-4BF9-8C27-0CD6C1B6DF4B}.Release|Win32.Build.0 = Release-Single|Win32
		{1790E71E-B0EE-4BF9-8C27-0CD6C1B6DF4B}.Release|x64.ActiveCfg = Release-Single|Win32
		{1790E71E-B0EE-4BF9-8C27-0CD6C1B6DF4B}.Release|x86.ActiveCfg = Release-Single|Win32
		{A3EDBB02-24F8-4010-BE57-91A55A2F5981}.Debug|Any CPU.ActiveCfg = Debug|Win32
		{A3EDBB02-24F8-4010-BE57-91A55A2F5981}.Debug|Mixed Platforms.ActiveCfg = Debug|Win32
		{A3EDBB02-24F8-4010-BE57-91A55A2F5981}.Debug|Mixed Platforms.Build.0 = Debug|Win32
		{A3EDBB02-24F8-4010-BE57-91A55A2F5981}.Debug|Win32.ActiveCfg = Debug-Single|Win32
		{A3EDBB02-24F8-4010-BE57-91A55A2F5981}.Debug|Win32.Build.0 = Debug-Single|Win32
		{A3EDBB02-24F8-4010-BE57-91A55A2F5981}.Debug|x64.ActiveCfg = Debug-Single|Win32
		{A3EDBB02-24F8-4010-BE57-91A55A2F5981}.Debug|x86.ActiveCfg = Debug|Win32
		{A3EDBB02-24F8-4010-BE57-91A55A2F5981}.Release|Any CPU.ActiveCfg = Release|Win32
		{A3EDBB02-24F8-4010-BE57-91A55A2F5981}.Release|Mixed Platforms.ActiveCfg = Release|Win32
		{A3EDBB02-24F8-4010-BE57-91A55A2F5981}.Release|Mixed Platforms.Build.0 = Release|Win32
		{A3EDBB02-24F8-4010-BE57-91A55A2F5981}.Release|Win32.ActiveCfg = Release-Single|Win32
		{A3EDBB02-24F8-4010-BE57-91A55A2F5981}.Release|Win32.Build.0 = Release-Single|Win32
		{A3EDBB02-24F8-4010-BE57-91A55A2F5981}.Release|x64.ActiveCfg = Release-Single|Win32
		{A3EDBB02-24F8-4010-BE57-91A55A2F5981}.Release|x86.ActiveCfg = Release|Win32
		{6F4803EC-15BB-459B-95A7-75F475B0928E}.Debug|Any CPU.ActiveCfg = Debug-Single|Win32
		{6F4803EC-15BB-459B-95A7-75F475B0928E}.Debug|Mixed Platforms.ActiveCfg = Debug-Single|Win32
		{6F4803EC-15BB-459B-95A7-75F475B0928E}.Debug|Mixed Platforms.Build.0 = Debug-Single|Win32
		{6F4803EC-15BB-459B-95A7-75F475B0928E}.Debug|Win32.ActiveCfg = Debug-Single|Win32
		{6F4803EC-15BB-459B-95A7-75F475B0928E}.Debug|Win32.Build.0 = Debug-Single|Win32
		{6F4803EC-15BB-459B-95A7-75F475B0928E}.Debug|x64.ActiveCfg = Debug-Single|Win32
		{6F4803EC-15BB-459B-95A7-75F475B0928E}.Debug|x86.ActiveCfg = Debug-Single|Win32
		{6F4803EC-15BB-459B-95A7-75F475B0928E}.Release|Any CPU.ActiveCfg = Release-Single|Win32
		{6F4803EC-15BB-459B-95A7-75F475B0928E}.Release|Mixed Platforms.ActiveCfg = Release-Single|Win32
		{6F4803EC-15BB-459B-95A7-75F475B0928E}.Release|Mixed Platforms.Build.0 = Release-Single|Win32
		{6F4803EC-15BB-459B-95A7-75F475B0928E}.Release|Win32.ActiveCfg = Release-Single|Win32
		{6F4803EC-15BB-459B-95A7-75F475B0928E}.Release|Win32.Build.0 = Release-Single|Win32
		{6F4803EC-15BB-459B-95A7-75F475B0928E}.Release|x64.ActiveCfg = Release-Single|Win32
		{6F4803EC-15BB-459B-95A7-75F475B0928E}.Release|x86.ActiveCfg = Release-Single|Win32
		{727850D5-40C4-4532-A7BA-540BE8344F0C}.Debug|Any CPU.ActiveCfg = Debug|Win32
		{727850D5-40C4-4532-A7BA-540BE8344F0C}.Debug|Mixed Platforms.ActiveCfg = Debug|Win32
		{727850D5-40C4-4532-A7BA-540BE8344F0C}.Debug|Mixed Platforms.Build.0 = Debug|Win32
		{727850D5-40C4-4532-A7BA-540BE8344F0C}.Debug|Win32.ActiveCfg = Debug|Win32
		{727850D5-40C4-4532-A7BA-540BE8344F0C}.Debug|Win32.Build.0 = Debug|Win32
		{727850D5-40C4-4532-A7BA-540BE8344F0C}.Debug|x64.ActiveCfg = Debug|Win32
		{727850D5-40C4-4532-A7BA-540BE8344F0C}.Debug|x86.ActiveCfg = Debug|Win32
		{727850D5-40C4-4532-A7BA-540BE8344F0C}.Release|Any CPU.ActiveCfg = Release|Win32
		{727850D5-40C4-4532-A7BA-540BE8344F0C}.Release|Mixed Platforms.ActiveCfg = Release|Win32
		{727850D5-40C4-4532-A7BA-540BE8344F0C}.Release|Mixed Platforms.Build.0 = Release|Win32
		{727850D5-40C4-4532-A7BA-540BE8344F0C}.Release|Win32.ActiveCfg = Release|Win32
		{727850D5-40C4-4532-A7BA-540BE8344F0C}.Release|Win32.Build.0 = Release|Win32
		{727850D5-40C4-4532-A7BA-540BE8344F0C}.Release|x64.ActiveCfg = Release|Win32
		{727850D5-40C4-4532-A7BA-540BE8344F0C}.Release|x86.ActiveCfg = Release|Win32
		{74D6A840-874D-40D4-A85D-6241870EBCE9}.Debug|Any CPU.ActiveCfg = Debug|Win32
		{74D6A840-874D-40D4-A85D-6241870EBCE9}.Debug|Mixed Platforms.ActiveCfg = Debug|Win32
		{74D6A840-874D-40D4-A85D-6241870EBCE9}.Debug|Mixed Platforms.Build.0 = Debug|Win32
		{74D6A840-874D-40D4-A85D-6241870EBCE9}.Debug|Win32.ActiveCfg = Debug|Win32
		{74D6A840-874D-40D4-A85D-6241870EBCE9}.Debug|Win32.Build.0 = Debug|Win32
		{74D6A840-874D-40D4-A85D-6241870EBCE9}.Debug|x64.ActiveCfg = Debug|Win32
		{74D6A840-874D-40D4-A85D-6241870EBCE9}.Debug|x86.ActiveCfg = Debug|Win32
		{74D6A840-874D-40D4-A85D-6241870EBCE9}.Release|Any CPU.ActiveCfg = Release|Win32
		{74D6A840-874D-40D4-A85D-6241870EBCE9}.Release|Mixed Platforms.ActiveCfg = Release|Win32
		{74D6A840-874D-40D4-A85D-6241870EBCE9}.Release|Mixed Platforms.Build.0 = Release|Win32
		{74D6A840-874D-40D4-A85D-6241870EBCE9}.Release|Win32.ActiveCfg = Release|Win32
		{74D6A840-874D-40D4-A85D-6241870EBCE9}.Release|Win32.Build.0 = Release|Win32
		{74D6A840-874D-40D4-A85D-6241870EBCE9}.Release|x64.ActiveCfg = Release|Win32
		{74D6A840-874D-40D4-A85D-6241870EBCE9}.Release|x86.ActiveCfg = Release|Win32
		{ABB7D1D8-B6AD-4225-B2BB-345F1794BA88}.Debug|Any CPU.ActiveCfg = Debug|Win32
		{ABB7D1D8-B6AD-4225-B2BB-345F1794BA88}.Debug|Mixed Platforms.ActiveCfg = Debug|Win32
		{ABB7D1D8-B6AD-4225-B2BB-345F1794BA88}.Debug|Mixed Platforms.Build.0 = Debug|Win32
		{ABB7D1D8-B6AD-4225-B2BB-345F1794BA88}.Debug|Win32.ActiveCfg = Debug|Win32
		{ABB7D1D8-B6AD-4225-B2BB-345F1794BA88}.Debug|Win32.Build.0 = Debug|Win32
		{ABB7D1D8-B6AD-4225-B2BB-345F1794BA88}.Debug|x64.ActiveCfg = Debug|Win32
		{ABB7D1D8-B6AD-4225-B2BB-345F1794BA88}.Debug|x86.ActiveCfg = Debug|Win32
		{ABB7D1D8-B6AD-4225-B2BB-345F1794BA88}.Release|Any CPU.ActiveCfg = Release|Win32
		{ABB7D1D8-B6AD-4225-B2BB-345F1794BA88}.Release|Mixed Platforms.ActiveCfg = Release|Win32
		{ABB7D1D8-B6AD-4225-B2BB-345F1794BA88}.Release|Mixed Platforms.Build.0 = Release|Win32
		{ABB7D1D8-B6AD-4225-B2BB-345F1794BA88}.Release|Win32.ActiveCfg = Release|Win32
		{ABB7D1D8-B6AD-4225-B2BB-345F1794BA88}.Release|Win32.Build.0 = Release|Win32
		{ABB7D1D8-B6AD-4225-B2BB-345F1794BA88}.Release|x64.ActiveCfg = Release|Win32
		{ABB7D1D8-B6AD-4225-B2BB-345F1794BA88}.Release|x86.ActiveCfg = Release|Win32
		{C33EAE0D-805D-4FBF-B56B-473186491204}.Debug|Any CPU.ActiveCfg = Debug|Win32
		{C33EAE0D-805D-4FBF-B56B-473186491204}.Debug|Mixed Platforms.ActiveCfg = Debug|Win32
		{C33EAE0D-805D-4FBF-B56B-473186491204}.Debug|Mixed Platforms.Build.0 = Debug|Win32
		{C33EAE0D-805D-4FBF-B56B-473186491204}.Debug|Win32.ActiveCfg = Debug|Win32
		{C33EAE0D-805D-4FBF-B56B-473186491204}.Debug|Win32.Build.0 = Debug|Win32
		{C33EAE0D-805D-4FBF-B56B-473186491204}.Debug|x64.ActiveCfg = Debug|Win32
		{C33EAE0D-805D-4FBF-B56B-473186491204}.Debug|x86.ActiveCfg = Debug|Win32
		{C33EAE0D-805D-4FBF-B56B-473186491204}.Release|Any CPU.ActiveCfg = Release|Win32
		{C33EAE0D-805D-4FBF-B56B-473186491204}.Release|Mixed Platforms.ActiveCfg = Release|Win32
		{C33EAE0D-805D-4FBF-B56B-473186491204}.Release|Mixed Platforms.Build.0 = Release|Win32
		{C33EAE0D-805D-4FBF-B56B-473186491204}.Release|Win32.ActiveCfg = Release|Win32
		{C33EAE0D-805D-4FBF-B56B-473186491204}.Release|Win32.Build.0 = Release|Win32
		{C33EAE0D-805D-4FBF-B56B-473186491204}.Release|x64.ActiveCfg = Release|Win32
		{C33EAE0D-805D-4FBF-B56B-473186491204}.Release|x86.ActiveCfg = Release|Win32
		{B375944D-1C4E-4EE8-AFE3-91C33C0FD21F}.Debug|Any CPU.ActiveCfg = Debug|Win32
		{B375944D-1C4E-4EE8-AFE3-91C33C0FD21F}.Debug|Mixed Platforms.ActiveCfg = Debug|Win32
		{B375944D-1C4E-4EE8-AFE3-91C33C0FD21F}.Debug|Mixed Platforms.Build.0 = Debug|Win32
		{B375944D-1C4E-4EE8-AFE3-91C33C0FD21F}.Debug|Win32.ActiveCfg = Debug|Win32
		{B375944D-1C4E-4EE8-AFE3-91C33C0FD21F}.Debug|Win32.Build.0 = Debug|Win32
		{B375944D-1C4E-4EE8-AFE3-91C33C0FD21F}.Debug|x64.ActiveCfg = Debug|Win32
		{B375944D-1C4E-4EE8-AFE3-91C33C0FD21F}.Debug|x86.ActiveCfg = Debug|Win32
		{B375944D-1C4E-4EE8-AFE3-91C33C0FD21F}.Release|Any CPU.ActiveCfg = Release|Win32
		{B375944D-1C4E-4EE8-AFE3-91C33C0FD21F}.Release|Mixed Platforms.ActiveCfg = Release|Win32
		{B375944D-1C4E-4EE8-AFE3-91C33C0FD21F}.Release|Mixed Platforms.Build.0 = Release|Win32
		{B375944D-1C4E-4EE8-AFE3-91C33C0FD21F}.Release|Win32.ActiveCfg = Release|Win32
		{B375944D-1C4E-4EE8-AFE3-91C33C0FD21F}.Release|Win32.Build.0 = Release|Win32
		{B375944D-1C4E-4EE8-AFE3-91C33C0FD21F}.Release|x64.ActiveCfg = Release|Win32
		{B375944D-1C4E-4EE8-AFE3-91C33C0FD21F}.Release|x86.ActiveCfg = Release|Win32
		{639B4FAB-7B55-4E69-9205-7632CF0990A7}.Debug|Any CPU.ActiveCfg = Debug|Win32
		{639B4FAB-7B55-4E69-9205-7632CF0990A7}.Debug|Mixed Platforms.ActiveCfg = Debug|Win32
		{639B4FAB-7B55-4E69-9205-7632CF0990A7}.Debug|Mixed Platforms.Build.0 = Debug|Win32
		{639B4FAB-7B55-4E69-9205-7632CF0990A7}.Debug|Win32.ActiveCfg = Debug|Win32
		{639B4FAB-7B55-4E69-9205-7632CF0990A7}.Debug|Win32.Build.0 = Debug|Win32
		{639B4FAB-7B55-4E69-9205-7632CF0990A7}.Debug|x64.ActiveCfg = Debug|Win32
		{639B4FAB-7B55-4E69-9205-7632CF0990A7}.Debug|x86.ActiveCfg = Debug|Win32
		{639B4FAB-7B55-4E69-9205-7632CF0990A7}.Release|Any CPU.ActiveCfg = Release|Win32
		{639B4FAB-7B55-4E69-9205-7632CF0990A7}.Release|Mixed Platforms.ActiveCfg = Release|Win32
		{639B4FAB-7B55-4E69-9205-7632CF0990A7}.Release|Mixed Platforms.Build.0 = Release|Win32
		{639B4FAB-7B55-4E69-9205-7632CF0990A7}.Release|Win32.ActiveCfg = Release|Win32
		{639B4FAB-7B55-4E69-9205-7632CF0990A7}.Release|Win32.Build.0 = Release|Win32
		{639B4FAB-7B55-4E69-9205-7632CF0990A7}.Release|x64.ActiveCfg = Release|Win32
		{639B4FAB-7B55-4E69-9205-7632CF0990A7}.Release|x86.ActiveCfg = Release|Win32
		{5985409E-2C7B-4666-A014-17CC9DA53E2C}.Debug|Any CPU.ActiveCfg = Debug|Any CPU
		{5985409E-2C7B-4666-A014-17CC9DA53E2C}.Debug|Any CPU.Build.0 = Debug|Any CPU
		{5985409E-2C7B-4666-A014-17CC9DA53E2C}.Debug|Mixed Platforms.ActiveCfg = Debug|Any CPU
		{5985409E-2C7B-4666-A014-17CC9DA53E2C}.Debug|Mixed Platforms.Build.0 = Debug|Any CPU
		{5985409E-2C7B-4666-A014-17CC9DA53E2C}.Debug|Win32.ActiveCfg = Debug|Any CPU
		{5985409E-2C7B-4666-A014-17CC9DA53E2C}.Debug|x64.ActiveCfg = Debug|Any CPU
		{5985409E-2C7B-4666-A014-17CC9DA53E2C}.Debug|x86.ActiveCfg = Debug|Any CPU
		{5985409E-2C7B-4666-A014-17CC9DA53E2C}.Release|Any CPU.ActiveCfg = Release|Any CPU
		{5985409E-2C7B-4666-A014-17CC9DA53E2C}.Release|Any CPU.Build.0 = Release|Any CPU
		{5985409E-2C7B-4666-A014-17CC9DA53E2C}.Release|Mixed Platforms.ActiveCfg = Release|Any CPU
		{5985409E-2C7B-4666-A014-17CC9DA53E2C}.Release|Mixed Platforms.Build.0 = Release|Any CPU
		{5985409E-2C7B-4666-A014-17CC9DA53E2C}.Release|Win32.ActiveCfg = Release|Any CPU
		{5985409E-2C7B-4666-A014-17CC9DA53E2C}.Release|x64.ActiveCfg = Release|Any CPU
		{5985409E-2C7B-4666-A014-17CC9DA53E2C}.Release|x86.ActiveCfg = Release|Any CPU
		{0EC57D9C-A6B3-499A-B3A1-FD0F62930C0C}.Debug|Any CPU.ActiveCfg = Debug|x86
		{0EC57D9C-A6B3-499A-B3A1-FD0F62930C0C}.Debug|Mixed Platforms.ActiveCfg = Debug|x86
		{0EC57D9C-A6B3-499A-B3A1-FD0F62930C0C}.Debug|Mixed Platforms.Build.0 = Debug|x86
		{0EC57D9C-A6B3-499A-B3A1-FD0F62930C0C}.Debug|Win32.ActiveCfg = Debug|x86
		{0EC57D9C-A6B3-499A-B3A1-FD0F62930C0C}.Debug|x64.ActiveCfg = Debug|x86
		{0EC57D9C-A6B3-499A-B3A1-FD0F62930C0C}.Debug|x86.ActiveCfg = Debug|x86
		{0EC57D9C-A6B3-499A-B3A1-FD0F62930C0C}.Debug|x86.Build.0 = Debug|x86
		{0EC57D9C-A6B3-499A-B3A1-FD0F62930C0C}.Release|Any CPU.ActiveCfg = Release|x86
		{0EC57D9C-A6B3-499A-B3A1-FD0F62930C0C}.Release|Mixed Platforms.ActiveCfg = Release|x86
		{0EC57D9C-A6B3-499A-B3A1-FD0F62930C0C}.Release|Mixed Platforms.Build.0 = Release|x86
		{0EC57D9C-A6B3-499A-B3A1-FD0F62930C0C}.Release|Win32.ActiveCfg = Release|x86
		{0EC57D9C-A6B3-499A-B3A1-FD0F62930C0C}.Release|x64.ActiveCfg = Release|x86
		{0EC57D9C-A6B3-499A-B3A1-FD0F62930C0C}.Release|x86.ActiveCfg = Release|x86
		{0EC57D9C-A6B3-499A-B3A1-FD0F62930C0C}.Release|x86.Build.0 = Release|x86
	EndGlobalSection
	GlobalSection(SolutionProperties) = preSolution
		HideSolutionNode = FALSE
	EndGlobalSection
	GlobalSection(NestedProjects) = preSolution
		{A3EDBB02-24F8-4010-BE57-91A55A2F5981} = {76479AF6-64A8-447D-A170-FA9B1FBF8A5C}
		{BEC9EC33-3C02-4F31-BDA6-B8068A215AA9} = {76479AF6-64A8-447D-A170-FA9B1FBF8A5C}
		{C33EAE0D-805D-4FBF-B56B-473186491204} = {76479AF6-64A8-447D-A170-FA9B1FBF8A5C}
		{B375944D-1C4E-4EE8-AFE3-91C33C0FD21F} = {76479AF6-64A8-447D-A170-FA9B1FBF8A5C}
		{0EC57D9C-A6B3-499A-B3A1-FD0F62930C0C} = {76479AF6-64A8-447D-A170-FA9B1FBF8A5C}
		{1790E71E-B0EE-4BF9-8C27-0CD6C1B6DF4B} = {BF7A8579-0AE8-4F88-A069-F1D88DC10C1E}
		{ABB7D1D8-B6AD-4225-B2BB-345F1794BA88} = {BF7A8579-0AE8-4F88-A069-F1D88DC10C1E}
		{6F4803EC-15BB-459B-95A7-75F475B0928E} = {3D2A7C19-E408-440A-8ECA-FFC4DC67F5FF}
		{727850D5-40C4-4532-A7BA-540BE8344F0C} = {3D2A7C19-E408-440A-8ECA-FFC4DC67F5FF}
		{74D6A840-874D-40D4-A85D-6241870EBCE9} = {3D2A7C19-E408-440A-8ECA-FFC4DC67F5FF}
		{639B4FAB-7B55-4E69-9205-7632CF0990A7} = {3D2A7C19-E408-440A-8ECA-FFC4DC67F5FF}
	EndGlobalSection
EndGlobal
